%{"bbmustache": {:hex, :bbmustache, "1.0.4"},
  "certifi": {:hex, :certifi, "0.4.0"},
  "cf": {:hex, :cf, "0.2.1"},
  "cowboy": {:hex, :cowboy, "1.0.4"},
  "cowlib": {:hex, :cowlib, "1.0.2"},
  "elixir_ale": {:hex, :elixir_ale, "0.5.0"},
  "erlware_commons": {:hex, :erlware_commons, "0.19.0"},
  "exrm": {:git, "https://github.com/mobileoverlord/exrm.git", "344d112cfca17a84878e075c6b2b79566009516a", [branch: "nerves"]},
  "getopt": {:hex, :getopt, "0.8.2"},
  "hackney": {:hex, :hackney, "1.6.0"},
  "httpoison": {:hex, :httpoison, "0.8.3"},
  "idna": {:hex, :idna, "1.2.0"},
  "inflex": {:hex, :inflex, "1.0.0"},
  "metrics": {:hex, :metrics, "1.0.1"},
  "mimerl": {:hex, :mimerl, "1.0.2"},
  "nerves": {:git, "https://github.com/nerves-project/nerves.git", "32a8db18673cd747c8dfa1cf2ac11f527180e410", [branch: "mix"]},
  "nerves_networking": {:git, "https://github.com/nerves-project/nerves_networking.git", "946a6bd680d710577e8816eff74e1caf12e0c341", []},
  "nerves_system": {:git, "https://github.com/nerves-project/nerves_system.git", "f5f12d81bab12d8cf9d57ee1ed6c6aefc092a329", []},
  "nerves_system_br": {:git, "https://github.com/nerves-project/nerves_system_br.git", "d2f6600f67f81b54877f8f7486769bc8d716546a", [tag: "v0.4.0"]},
  "nerves_system_rpi2": {:git, "https://github.com/nerves-project/nerves_system_rpi2.git", "3ad509aa4d806e289cb00f418c12879a9f2f5b34", []},
  "nerves_toolchain": {:git, "https://github.com/nerves-project/nerves_toolchain.git", "dcade83d5f31c5d34dc31fe6b5f3cbf90389e757", []},
  "nerves_toolchain_arm_unknown_linux_gnueabihf": {:git, "https://github.com/nerves-project/nerves_toolchain_arm_unknown_linux_gnueabihf.git", "be0d8be3eeee5ff549ef210c4a6b473dea672a2a", []},
  "plug": {:hex, :plug, "1.1.4"},
  "poison": {:hex, :poison, "1.5.2"},
  "porcelain": {:hex, :porcelain, "2.0.1"},
  "providers": {:hex, :providers, "1.6.0"},
  "ranch": {:hex, :ranch, "1.2.1"},
  "relx": {:hex, :relx, "3.19.0"},
  "slacker": {:hex, :slacker, "0.0.2"},
  "ssl_verify_fun": {:hex, :ssl_verify_fun, "1.1.0"},
  "websocket_client": {:git, "https://github.com/jeremyong/websocket_client.git", "f6892c8b55004008ce2d52be7d98b156f3e34569", []}}
